
Microsoft Visual Studio Solution File, Format Version 11.00
# Visual Studio 2010
Project("{FAE04EC0-301F-11D3-BF4B-00C04F79EFBC}") = "Lsystems", "Assembly-CSharp.csproj", "{EBBC5B45-2873-59B5-F7CB-49AE662EDEAD}"
EndProject
Global
	GlobalSection(SolutionConfigurationPlatforms) = preSolution
		Debug|Any CPU = Debug|Any CPU
		Release|Any CPU = Release|Any CPU
	EndGlobalSection
	GlobalSection(ProjectConfigurationPlatforms) = postSolution
		{EBBC5B45-2873-59B5-F7CB-49AE662EDEAD}.Debug|Any CPU.ActiveCfg = Debug|Any CPU
		{EBBC5B45-2873-59B5-F7CB-49AE662EDEAD}.Debug|Any CPU.Build.0 = Debug|Any CPU
		{EBBC5B45-2873-59B5-F7CB-49AE662EDEAD}.Release|Any CPU.ActiveCfg = Release|Any CPU
		{EBBC5B45-2873-59B5-F7CB-49AE662EDEAD}.Release|Any CPU.Build.0 = Release|Any CPU
	EndGlobalSection
	GlobalSection(SolutionProperties) = preSolution
		HideSolutionNode = FALSE
	EndGlobalSection
	GlobalSection(MonoDevelopProperties) = preSolution
		StartupItem = Assembly-CSharp.csproj
	EndGlobalSection
EndGlobal
